
Microsoft Visual Studio Solution File, Format Version 12.00
# Visual Studio 2012
Project("{FAE04EC0-301F-11D3-BF4B-00C04F79EFBC}") = "MovingScrewdriver.Web", "MovingScrewdriver.Web\MovingScrewdriver.Web.csproj", "{C602106D-CA1E-4767-8361-7EC3FAA3A379}"
EndProject
Project("{FAE04EC0-301F-11D3-BF4B-00C04F79EFBC}") = "MovingScrewdriver.Importer", "MovingScrewdriver.Importer\MovingScrewdriver.Importer.csproj", "{3540D47E-07D7-4A14-A287-617B9962731C}"
EndProject
Project("{2150E333-8FDC-42A3-9474-1A3956D46DE8}") = ".nuget", ".nuget", "{8A00C792-CB5E-465F-9AF6-ABF3BB8E997E}"
	ProjectSection(SolutionItems) = preProject
		.nuget\NuGet.Config = .nuget\NuGet.Config
		.nuget\NuGet.exe = .nuget\NuGet.exe
		.nuget\NuGet.targets = .nuget\NuGet.targets
	EndProjectSection
EndProject
Project("{FAE04EC0-301F-11D3-BF4B-00C04F79EFBC}") = "BlogML", "BlogML\BlogML.csproj", "{000506E7-E4E2-4802-A1F0-3D5F33D94E92}"
EndProject
Project("{FAE04EC0-301F-11D3-BF4B-00C04F79EFBC}") = "MovingScrewdriver.Tests", "MovingScrewdriver.Tests\MovingScrewdriver.Tests.csproj", "{08720455-8DE2-4EB4-9220-A9C17D6E9CBC}"
EndProject
Global
	GlobalSection(SolutionConfigurationPlatforms) = preSolution
		Debug|Any CPU = Debug|Any CPU
		Release|Any CPU = Release|Any CPU
	EndGlobalSection
	GlobalSection(ProjectConfigurationPlatforms) = postSolution
		{C602106D-CA1E-4767-8361-7EC3FAA3A379}.Debug|Any CPU.ActiveCfg = Debug|Any CPU
		{C602106D-CA1E-4767-8361-7EC3FAA3A379}.Debug|Any CPU.Build.0 = Debug|Any CPU
		{C602106D-CA1E-4767-8361-7EC3FAA3A379}.Release|Any CPU.ActiveCfg = Release|Any CPU
		{C602106D-CA1E-4767-8361-7EC3FAA3A379}.Release|Any CPU.Build.0 = Release|Any CPU
		{3540D47E-07D7-4A14-A287-617B9962731C}.Debug|Any CPU.ActiveCfg = Debug|Any CPU
		{3540D47E-07D7-4A14-A287-617B9962731C}.Debug|Any CPU.Build.0 = Debug|Any CPU
		{3540D47E-07D7-4A14-A287-617B9962731C}.Release|Any CPU.ActiveCfg = Release|Any CPU
		{3540D47E-07D7-4A14-A287-617B9962731C}.Release|Any CPU.Build.0 = Release|Any CPU
		{000506E7-E4E2-4802-A1F0-3D5F33D94E92}.Debug|Any CPU.ActiveCfg = Debug|Any CPU
		{000506E7-E4E2-4802-A1F0-3D5F33D94E92}.Debug|Any CPU.Build.0 = Debug|Any CPU
		{000506E7-E4E2-4802-A1F0-3D5F33D94E92}.Release|Any CPU.ActiveCfg = Release|Any CPU
		{000506E7-E4E2-4802-A1F0-3D5F33D94E92}.Release|Any CPU.Build.0 = Release|Any CPU
		{08720455-8DE2-4EB4-9220-A9C17D6E9CBC}.Debug|Any CPU.ActiveCfg = Debug|Any CPU
		{08720455-8DE2-4EB4-9220-A9C17D6E9CBC}.Debug|Any CPU.Build.0 = Debug|Any CPU
		{08720455-8DE2-4EB4-9220-A9C17D6E9CBC}.Release|Any CPU.ActiveCfg = Release|Any CPU
		{08720455-8DE2-4EB4-9220-A9C17D6E9CBC}.Release|Any CPU.Build.0 = Release|Any CPU
	EndGlobalSection
	GlobalSection(SolutionProperties) = preSolution
		HideSolutionNode = FALSE
	EndGlobalSection
EndGlobal
